
Microsoft Visual Studio Solution File, Format Version 12.00
# Visual Studio Version 16
VisualStudioVersion = 16.0.30225.117
MinimumVisualStudioVersion = 10.0.40219.1
Project("{FAE04EC0-301F-11D3-BF4B-00C04F79EFBC}") = "StudentExercises", "StudentExercises\StudentExercises.csproj", "{772750FB-A4CD-4094-B405-47593E513745}"
EndProject
Global
	GlobalSection(SolutionConfigurationPlatforms) = preSolution
		Debug|Any CPU = Debug|Any CPU
		Release|Any CPU = Release|Any CPU
	EndGlobalSection
	GlobalSection(ProjectConfigurationPlatforms) = postSolution
		{772750FB-A4CD-4094-B405-47593E513745}.Debug|Any CPU.ActiveCfg = Debug|Any CPU
		{772750FB-A4CD-4094-B405-47593E513745}.Debug|Any CPU.Build.0 = Debug|Any CPU
		{772750FB-A4CD-4094-B405-47593E513745}.Release|Any CPU.ActiveCfg = Release|Any CPU
		{772750FB-A4CD-4094-B405-47593E513745}.Release|Any CPU.Build.0 = Release|Any CPU
	EndGlobalSection
	GlobalSection(SolutionProperties) = preSolution
		HideSolutionNode = FALSE
	EndGlobalSection
	GlobalSection(ExtensibilityGlobals) = postSolution
		SolutionGuid = {98049150-0500-4D0C-87DB-B2A584CB2A03}
	EndGlobalSection
EndGlobal
